
Microsoft Visual Studio Solution File, Format Version 12.00
# Visual Studio Version 16
VisualStudioVersion = 16.0.31515.178
MinimumVisualStudioVersion = 10.0.40219.1
Project("{FAE04EC0-301F-11D3-BF4B-00C04F79EFBC}") = "S.F.Module10(Task1)", "S.F.Module10(Task1)\S.F.Module10(Task1).csproj", "{DEEA4CFB-1615-4C04-816C-A86BDAF7F47D}"
EndProject
Global
	GlobalSection(SolutionConfigurationPlatforms) = preSolution
		Debug|Any CPU = Debug|Any CPU
		Release|Any CPU = Release|Any CPU
	EndGlobalSection
	GlobalSection(ProjectConfigurationPlatforms) = postSolution
		{DEEA4CFB-1615-4C04-816C-A86BDAF7F47D}.Debug|Any CPU.ActiveCfg = Debug|Any CPU
		{DEEA4CFB-1615-4C04-816C-A86BDAF7F47D}.Debug|Any CPU.Build.0 = Debug|Any CPU
		{DEEA4CFB-1615-4C04-816C-A86BDAF7F47D}.Release|Any CPU.ActiveCfg = Release|Any CPU
		{DEEA4CFB-1615-4C04-816C-A86BDAF7F47D}.Release|Any CPU.Build.0 = Release|Any CPU
	EndGlobalSection
	GlobalSection(SolutionProperties) = preSolution
		HideSolutionNode = FALSE
	EndGlobalSection
	GlobalSection(ExtensibilityGlobals) = postSolution
		SolutionGuid = {4DB57B26-8DF9-4F74-98F0-E3791A3D84A0}
	EndGlobalSection
EndGlobal
